
Microsoft Visual Studio Solution File, Format Version 12.00
# Visual Studio 15
VisualStudioVersion = 15.0.27130.2026
MinimumVisualStudioVersion = 10.0.40219.1
Project("{E24C65DC-7377-472B-9ABA-BC803B73C61A}") = "Shopping-Cart", "Shopping-Cart\", "{DC56DDC2-8110-4252-85A7-74406D70E323}"
	ProjectSection(WebsiteProperties) = preProject
		TargetFrameworkMoniker = ".NETFramework,Version%3Dv4.0"
		Debug.AspNetCompiler.VirtualPath = "/localhost_56041"
		Debug.AspNetCompiler.PhysicalPath = "Shopping-Cart\"
		Debug.AspNetCompiler.TargetPath = "PrecompiledWeb\localhost_56041\"
		Debug.AspNetCompiler.Updateable = "true"
		Debug.AspNetCompiler.ForceOverwrite = "true"
		Debug.AspNetCompiler.FixedNames = "false"
		Debug.AspNetCompiler.Debug = "True"
		Release.AspNetCompiler.VirtualPath = "/localhost_56041"
		Release.AspNetCompiler.PhysicalPath = "Shopping-Cart\"
		Release.AspNetCompiler.TargetPath = "PrecompiledWeb\localhost_56041\"
		Release.AspNetCompiler.Updateable = "true"
		Release.AspNetCompiler.ForceOverwrite = "true"
		Release.AspNetCompiler.FixedNames = "false"
		Release.AspNetCompiler.Debug = "False"
		VWDPort = "56041"
		DefaultWebSiteLanguage = "Visual C#"
	EndProjectSection
EndProject
Global
	GlobalSection(SolutionConfigurationPlatforms) = preSolution
		Debug|Any CPU = Debug|Any CPU
	EndGlobalSection
	GlobalSection(ProjectConfigurationPlatforms) = postSolution
		{DC56DDC2-8110-4252-85A7-74406D70E323}.Debug|Any CPU.ActiveCfg = Debug|Any CPU
		{DC56DDC2-8110-4252-85A7-74406D70E323}.Debug|Any CPU.Build.0 = Debug|Any CPU
	EndGlobalSection
	GlobalSection(SolutionProperties) = preSolution
		HideSolutionNode = FALSE
	EndGlobalSection
	GlobalSection(ExtensibilityGlobals) = postSolution
		SolutionGuid = {CC9E7DB7-6611-40CE-B3C1-7EDD7A8514D6}
	EndGlobalSection
EndGlobal
